
Microsoft Visual Studio Solution File, Format Version 12.00
# Visual Studio Version 17
VisualStudioVersion = 17.6.33815.320
MinimumVisualStudioVersion = 10.0.40219.1
Project("{FAE04EC0-301F-11D3-BF4B-00C04F79EFBC}") = "Phase4Section2.3", "Phase4Section2.3\Phase4Section2.3.csproj", "{210CE294-3022-4D91-B6EC-6CE6487BC377}"
EndProject
Global
	GlobalSection(SolutionConfigurationPlatforms) = preSolution
		Debug|Any CPU = Debug|Any CPU
		Release|Any CPU = Release|Any CPU
	EndGlobalSection
	GlobalSection(ProjectConfigurationPlatforms) = postSolution
		{210CE294-3022-4D91-B6EC-6CE6487BC377}.Debug|Any CPU.ActiveCfg = Debug|Any CPU
		{210CE294-3022-4D91-B6EC-6CE6487BC377}.Debug|Any CPU.Build.0 = Debug|Any CPU
		{210CE294-3022-4D91-B6EC-6CE6487BC377}.Release|Any CPU.ActiveCfg = Release|Any CPU
		{210CE294-3022-4D91-B6EC-6CE6487BC377}.Release|Any CPU.Build.0 = Release|Any CPU
	EndGlobalSection
	GlobalSection(SolutionProperties) = preSolution
		HideSolutionNode = FALSE
	EndGlobalSection
	GlobalSection(ExtensibilityGlobals) = postSolution
		SolutionGuid = {792D93BA-B6F9-4FFF-9283-38517B649CF5}
	EndGlobalSection
EndGlobal
